
Microsoft Visual Studio Solution File, Format Version 12.00
# Visual Studio Version 17
VisualStudioVersion = 17.10.34928.147
MinimumVisualStudioVersion = 10.0.40219.1
Project("{FAE04EC0-301F-11D3-BF4B-00C04F79EFBC}") = "Projet6_NexaWorks", "Projet6_NexaWorks.csproj", "{1C5892A4-B44D-4C14-952C-DB44BC62EFDD}"
EndProject
Global
	GlobalSection(SolutionConfigurationPlatforms) = preSolution
		Debug|Any CPU = Debug|Any CPU
		Release|Any CPU = Release|Any CPU
	EndGlobalSection
	GlobalSection(ProjectConfigurationPlatforms) = postSolution
		{1C5892A4-B44D-4C14-952C-DB44BC62EFDD}.Debug|Any CPU.ActiveCfg = Debug|Any CPU
		{1C5892A4-B44D-4C14-952C-DB44BC62EFDD}.Debug|Any CPU.Build.0 = Debug|Any CPU
		{1C5892A4-B44D-4C14-952C-DB44BC62EFDD}.Release|Any CPU.ActiveCfg = Release|Any CPU
		{1C5892A4-B44D-4C14-952C-DB44BC62EFDD}.Release|Any CPU.Build.0 = Release|Any CPU
	EndGlobalSection
	GlobalSection(SolutionProperties) = preSolution
		HideSolutionNode = FALSE
	EndGlobalSection
	GlobalSection(ExtensibilityGlobals) = postSolution
		SolutionGuid = {C969FC06-66D3-4BE4-BD4D-93D78FF0ED97}
	EndGlobalSection
EndGlobal
